
Microsoft Visual Studio Solution File, Format Version 12.00
# Visual Studio Version 16
VisualStudioVersion = 16.0.30621.155
MinimumVisualStudioVersion = 10.0.40219.1
Project("{FAE04EC0-301F-11D3-BF4B-00C04F79EFBC}") = "qop app", "qop app\qop app.csproj", "{72E2201B-0E6D-471D-9615-A787C7543F47}"
EndProject
Global
	GlobalSection(SolutionConfigurationPlatforms) = preSolution
		Debug|Any CPU = Debug|Any CPU
		Release|Any CPU = Release|Any CPU
	EndGlobalSection
	GlobalSection(ProjectConfigurationPlatforms) = postSolution
		{72E2201B-0E6D-471D-9615-A787C7543F47}.Debug|Any CPU.ActiveCfg = Debug|Any CPU
		{72E2201B-0E6D-471D-9615-A787C7543F47}.Debug|Any CPU.Build.0 = Debug|Any CPU
		{72E2201B-0E6D-471D-9615-A787C7543F47}.Release|Any CPU.ActiveCfg = Release|Any CPU
		{72E2201B-0E6D-471D-9615-A787C7543F47}.Release|Any CPU.Build.0 = Release|Any CPU
	EndGlobalSection
	GlobalSection(SolutionProperties) = preSolution
		HideSolutionNode = FALSE
	EndGlobalSection
	GlobalSection(ExtensibilityGlobals) = postSolution
		SolutionGuid = {A4EAFD8F-DE41-4BBB-804B-4B2F9323C836}
	EndGlobalSection
EndGlobal
